// !$*UTF8*$!
{
	archiveVersion = 1;
	classes = {
	};
	objectVersion = 46;
	objects = {

/* Begin PBXBuildFile section */
		4199F74D164F66F9003A57F0 /* UIKit.framework in Frameworks */ = {isa = PBXBuildFile; fileRef = 4199F74C164F66F9003A57F0 /* UIKit.framework */; };
		4199F74F164F66F9003A57F0 /* Foundation.framework in Frameworks */ = {isa = PBXBuildFile; fileRef = 4199F74E164F66F9003A57F0 /* Foundation.framework */; };
		4199F751164F66F9003A57F0 /* CoreGraphics.framework in Frameworks */ = {isa = PBXBuildFile; fileRef = 4199F750164F66F9003A57F0 /* CoreGraphics.framework */; };
		4199F757164F66F9003A57F0 /* InfoPlist.strings in Resources */ = {isa = PBXBuildFile; fileRef = 4199F755164F66F9003A57F0 /* InfoPlist.strings */; };
		4199F759164F66F9003A57F0 /* main.m in Sources */ = {isa = PBXBuildFile; fileRef = 4199F758164F66F9003A57F0 /* main.m */; };
		4199F75D164F66F9003A57F0 /* AppDelegate.m in Sources */ = {isa = PBXBuildFile; fileRef = 4199F75C164F66F9003A57F0 /* AppDelegate.m */; };
		4199F75F164F66F9003A57F0 /* Default.png in Resources */ = {isa = PBXBuildFile; fileRef = 4199F75E164F66F9003A57F0 /* Default.png */; };
		4199F761164F66F9003A57F0 /* Default@2x.png in Resources */ = {isa = PBXBuildFile; fileRef = 4199F760164F66F9003A57F0 /* Default@2x.png */; };
		4199F763164F66F9003A57F0 /* Default-568h@2x.png in Resources */ = {isa = PBXBuildFile; fileRef = 4199F762164F66F9003A57F0 /* Default-568h@2x.png */; };
		4199F766164F66F9003A57F0 /* MainStoryboard_iPhone.storyboard in Resources */ = {isa = PBXBuildFile; fileRef = 4199F764164F66F9003A57F0 /* MainStoryboard_iPhone.storyboard */; };
		4199F769164F66F9003A57F0 /* MainStoryboard_iPad.storyboard in Resources */ = {isa = PBXBuildFile; fileRef = 4199F767164F66F9003A57F0 /* MainStoryboard_iPad.storyboard */; };
		4199F76C164F66F9003A57F0 /* ContactViewController.m in Sources */ = {isa = PBXBuildFile; fileRef = 4199F76B164F66F9003A57F0 /* ContactViewController.m */; };
		4199F774164F66F9003A57F0 /* SenTestingKit.framework in Frameworks */ = {isa = PBXBuildFile; fileRef = 4199F773164F66F9003A57F0 /* SenTestingKit.framework */; };
		4199F775164F66F9003A57F0 /* UIKit.framework in Frameworks */ = {isa = PBXBuildFile; fileRef = 4199F74C164F66F9003A57F0 /* UIKit.framework */; };
		4199F776164F66F9003A57F0 /* Foundation.framework in Frameworks */ = {isa = PBXBuildFile; fileRef = 4199F74E164F66F9003A57F0 /* Foundation.framework */; };
		4199F77E164F66F9003A57F0 /* InfoPlist.strings in Resources */ = {isa = PBXBuildFile; fileRef = 4199F77C164F66F9003A57F0 /* InfoPlist.strings */; };
		4199F781164F66F9003A57F0 /* appTests.m in Sources */ = {isa = PBXBuildFile; fileRef = 4199F780164F66F9003A57F0 /* appTests.m */; };
		41B28CB31652D236003252CB /* CSVParser.m in Sources */ = {isa = PBXBuildFile; fileRef = 41B28CB21652D236003252CB /* CSVParser.m */; };
		41F485B616534F4400546473 /* CCHPIViewController.m in Sources */ = {isa = PBXBuildFile; fileRef = 41F485B516534F4400546473 /* CCHPIViewController.m */; };
		41F912C316534CC100F75184 /* HomeViewController.m in Sources */ = {isa = PBXBuildFile; fileRef = 41F912C216534CC100F75184 /* HomeViewController.m */; };
/* End PBXBuildFile section */

/* Begin PBXContainerItemProxy section */
		4199F777164F66F9003A57F0 /* PBXContainerItemProxy */ = {
			isa = PBXContainerItemProxy;
			containerPortal = 4199F73F164F66F9003A57F0 /* Project object */;
			proxyType = 1;
			remoteGlobalIDString = 4199F747164F66F9003A57F0;
			remoteInfo = app;
		};
/* End PBXContainerItemProxy section */

/* Begin PBXFileReference section */
		4199F748164F66F9003A57F0 /* app.app */ = {isa = PBXFileReference; explicitFileType = wrapper.application; includeInIndex = 0; path = app.app; sourceTree = BUILT_PRODUCTS_DIR; };
		4199F74C164F66F9003A57F0 /* UIKit.framework */ = {isa = PBXFileReference; lastKnownFileType = wrapper.framework; name = UIKit.framework; path = System/Library/Frameworks/UIKit.framework; sourceTree = SDKROOT; };
		4199F74E164F66F9003A57F0 /* Foundation.framework */ = {isa = PBXFileReference; lastKnownFileType = wrapper.framework; name = Foundation.framework; path = System/Library/Frameworks/Foundation.framework; sourceTree = SDKROOT; };
		4199F750164F66F9003A57F0 /* CoreGraphics.framework */ = {isa = PBXFileReference; lastKnownFileType = wrapper.framework; name = CoreGraphics.framework; path = System/Library/Frameworks/CoreGraphics.framework; sourceTree = SDKROOT; };
		4199F754164F66F9003A57F0 /* app-Info.plist */ = {isa = PBXFileReference; lastKnownFileType = text.plist.xml; path = "app-Info.plist"; sourceTree = "<group>"; };
		4199F756164F66F9003A57F0 /* en */ = {isa = PBXFileReference; lastKnownFileType = text.plist.strings; name = en; path = en.lproj/InfoPlist.strings; sourceTree = "<group>"; };
		4199F758164F66F9003A57F0 /* main.m */ = {isa = PBXFileReference; lastKnownFileType = sourcecode.c.objc; path = main.m; sourceTree = "<group>"; };
		4199F75A164F66F9003A57F0 /* app-Prefix.pch */ = {isa = PBXFileReference; lastKnownFileType = sourcecode.c.h; path = "app-Prefix.pch"; sourceTree = "<group>"; };
		4199F75B164F66F9003A57F0 /* AppDelegate.h */ = {isa = PBXFileReference; lastKnownFileType = sourcecode.c.h; path = AppDelegate.h; sourceTree = "<group>"; };
		4199F75C164F66F9003A57F0 /* AppDelegate.m */ = {isa = PBXFileReference; lastKnownFileType = sourcecode.c.objc; path = AppDelegate.m; sourceTree = "<group>"; };
		4199F75E164F66F9003A57F0 /* Default.png */ = {isa = PBXFileReference; lastKnownFileType = image.png; path = Default.png; sourceTree = "<group>"; };
		4199F760164F66F9003A57F0 /* Default@2x.png */ = {isa = PBXFileReference; lastKnownFileType = image.png; path = "Default@2x.png"; sourceTree = "<group>"; };
		4199F762164F66F9003A57F0 /* Default-568h@2x.png */ = {isa = PBXFileReference; lastKnownFileType = image.png; path = "Default-568h@2x.png"; sourceTree = "<group>"; };
		4199F765164F66F9003A57F0 /* en */ = {isa = PBXFileReference; lastKnownFileType = file.storyboard; name = en; path = en.lproj/MainStoryboard_iPhone.storyboard; sourceTree = "<group>"; };
		4199F768164F66F9003A57F0 /* en */ = {isa = PBXFileReference; lastKnownFileType = file.storyboard; name = en; path = en.lproj/MainStoryboard_iPad.storyboard; sourceTree = "<group>"; };
		4199F76A164F66F9003A57F0 /* ContactViewController.h */ = {isa = PBXFileReference; lastKnownFileType = sourcecode.c.h; path = ContactViewController.h; sourceTree = "<group>"; };
		4199F76B164F66F9003A57F0 /* ContactViewController.m */ = {isa = PBXFileReference; lastKnownFileType = sourcecode.c.objc; path = ContactViewController.m; sourceTree = "<group>"; };
		4199F772164F66F9003A57F0 /* appTests.octest */ = {isa = PBXFileReference; explicitFileType = wrapper.cfbundle; includeInIndex = 0; path = appTests.octest; sourceTree = BUILT_PRODUCTS_DIR; };
		4199F773164F66F9003A57F0 /* SenTestingKit.framework */ = {isa = PBXFileReference; lastKnownFileType = wrapper.framework; name = SenTestingKit.framework; path = Library/Frameworks/SenTestingKit.framework; sourceTree = DEVELOPER_DIR; };
		4199F77B164F66F9003A57F0 /* appTests-Info.plist */ = {isa = PBXFileReference; lastKnownFileType = text.plist.xml; path = "appTests-Info.plist"; sourceTree = "<group>"; };
		4199F77D164F66F9003A57F0 /* en */ = {isa = PBXFileReference; lastKnownFileType = text.plist.strings; name = en; path = en.lproj/InfoPlist.strings; sourceTree = "<group>"; };
		4199F77F164F66F9003A57F0 /* appTests.h */ = {isa = PBXFileReference; lastKnownFileType = sourcecode.c.h; path = appTests.h; sourceTree = "<group>"; };
		4199F780164F66F9003A57F0 /* appTests.m */ = {isa = PBXFileReference; lastKnownFileType = sourcecode.c.objc; path = appTests.m; sourceTree = "<group>"; };
		41B28CB11652D236003252CB /* CSVParser.h */ = {isa = PBXFileReference; fileEncoding = 4; lastKnownFileType = sourcecode.c.h; path = CSVParser.h; sourceTree = "<group>"; };
		41B28CB21652D236003252CB /* CSVParser.m */ = {isa = PBXFileReference; fileEncoding = 4; lastKnownFileType = sourcecode.c.objc; path = CSVParser.m; sourceTree = "<group>"; };
		41F485B416534F4400546473 /* CCHPIViewController.h */ = {isa = PBXFileReference; fileEncoding = 4; lastKnownFileType = sourcecode.c.h; path = CCHPIViewController.h; sourceTree = "<group>"; };
		41F485B516534F4400546473 /* CCHPIViewController.m */ = {isa = PBXFileReference; fileEncoding = 4; lastKnownFileType = sourcecode.c.objc; path = CCHPIViewController.m; sourceTree = "<group>"; };
		41F912C116534CC100F75184 /* HomeViewController.h */ = {isa = PBXFileReference; fileEncoding = 4; lastKnownFileType = sourcecode.c.h; name = HomeViewController.h; path = ../HomeViewController.h; sourceTree = "<group>"; };
		41F912C216534CC100F75184 /* HomeViewController.m */ = {isa = PBXFileReference; fileEncoding = 4; lastKnownFileType = sourcecode.c.objc; name = HomeViewController.m; path = ../HomeViewController.m; sourceTree = "<group>"; };
/* End PBXFileReference section */

/* Begin PBXFrameworksBuildPhase section */
		4199F745164F66F9003A57F0 /* Frameworks */ = {
			isa = PBXFrameworksBuildPhase;
			buildActionMask = 2147483647;
			files = (
				4199F74D164F66F9003A57F0 /* UIKit.framework in Frameworks */,
				4199F74F164F66F9003A57F0 /* Foundation.framework in Frameworks */,
				4199F751164F66F9003A57F0 /* CoreGraphics.framework in Frameworks */,
			);
			runOnlyForDeploymentPostprocessing = 0;
		};
		4199F76E164F66F9003A57F0 /* Frameworks */ = {
			isa = PBXFrameworksBuildPhase;
			buildActionMask = 2147483647;
			files = (
				4199F774164F66F9003A57F0 /* SenTestingKit.framework in Frameworks */,
				4199F775164F66F9003A57F0 /* UIKit.framework in Frameworks */,
				4199F776164F66F9003A57F0 /* Foundation.framework in Frameworks */,
			);
			runOnlyForDeploymentPostprocessing = 0;
		};
/* End PBXFrameworksBuildPhase section */

/* Begin PBXGroup section */
		4199F73D164F66F9003A57F0 = {
			isa = PBXGroup;
			children = (
				4199F752164F66F9003A57F0 /* app */,
				4199F779164F66F9003A57F0 /* appTests */,
				4199F74B164F66F9003A57F0 /* Frameworks */,
				4199F749164F66F9003A57F0 /* Products */,
			);
			sourceTree = "<group>";
		};
		4199F749164F66F9003A57F0 /* Products */ = {
			isa = PBXGroup;
			children = (
				4199F748164F66F9003A57F0 /* app.app */,
				4199F772164F66F9003A57F0 /* appTests.octest */,
			);
			name = Products;
			sourceTree = "<group>";
		};
		4199F74B164F66F9003A57F0 /* Frameworks */ = {
			isa = PBXGroup;
			children = (
				4199F74C164F66F9003A57F0 /* UIKit.framework */,
				4199F74E164F66F9003A57F0 /* Foundation.framework */,
				4199F750164F66F9003A57F0 /* CoreGraphics.framework */,
				4199F773164F66F9003A57F0 /* SenTestingKit.framework */,
			);
			name = Frameworks;
			sourceTree = "<group>";
		};
		4199F752164F66F9003A57F0 /* app */ = {
			isa = PBXGroup;
			children = (
				41F912C116534CC100F75184 /* HomeViewController.h */,
				41F912C216534CC100F75184 /* HomeViewController.m */,
				41F485B416534F4400546473 /* CCHPIViewController.h */,
				41F485B516534F4400546473 /* CCHPIViewController.m */,
				4199F75B164F66F9003A57F0 /* AppDelegate.h */,
				4199F75C164F66F9003A57F0 /* AppDelegate.m */,
				4199F764164F66F9003A57F0 /* MainStoryboard_iPhone.storyboard */,
				4199F767164F66F9003A57F0 /* MainStoryboard_iPad.storyboard */,
				4199F76A164F66F9003A57F0 /* ContactViewController.h */,
				4199F76B164F66F9003A57F0 /* ContactViewController.m */,
				41B28CB11652D236003252CB /* CSVParser.h */,
				41B28CB21652D236003252CB /* CSVParser.m */,
				4199F753164F66F9003A57F0 /* Supporting Files */,
			);
			path = app;
			sourceTree = "<group>";
		};
		4199F753164F66F9003A57F0 /* Supporting Files */ = {
			isa = PBXGroup;
			children = (
				4199F754164F66F9003A57F0 /* app-Info.plist */,
				4199F755164F66F9003A57F0 /* InfoPlist.strings */,
				4199F758164F66F9003A57F0 /* main.m */,
				4199F75A164F66F9003A57F0 /* app-Prefix.pch */,
				4199F75E164F66F9003A57F0 /* Default.png */,
				4199F760164F66F9003A57F0 /* Default@2x.png */,
				4199F762164F66F9003A57F0 /* Default-568h@2x.png */,
			);
			name = "Supporting Files";
			sourceTree = "<group>";
		};
		4199F779164F66F9003A57F0 /* appTests */ = {
			isa = PBXGroup;
			children = (
				4199F77F164F66F9003A57F0 /* appTests.h */,
				4199F780164F66F9003A57F0 /* appTests.m */,
				4199F77A164F66F9003A57F0 /* Supporting Files */,
			);
			path = appTests;
			sourceTree = "<group>";
		};
		4199F77A164F66F9003A57F0 /* Supporting Files */ = {
			isa = PBXGroup;
			children = (
				4199F77B164F66F9003A57F0 /* appTests-Info.plist */,
				4199F77C164F66F9003A57F0 /* InfoPlist.strings */,
			);
			name = "Supporting Files";
			sourceTree = "<group>";
		};
/* End PBXGroup section */

/* Begin PBXNativeTarget section */
		4199F747164F66F9003A57F0 /* app */ = {
			isa = PBXNativeTarget;
			buildConfigurationList = 4199F784164F66F9003A57F0 /* Build configuration list for PBXNativeTarget "app" */;
			buildPhases = (
				4199F744164F66F9003A57F0 /* Sources */,
				4199F745164F66F9003A57F0 /* Frameworks */,
				4199F746164F66F9003A57F0 /* Resources */,
			);
			buildRules = (
			);
			dependencies = (
			);
			name = app;
			productName = app;
			productReference = 4199F748164F66F9003A57F0 /* app.app */;
			productType = "com.apple.product-type.application";
		};
		4199F771164F66F9003A57F0 /* appTests */ = {
			isa = PBXNativeTarget;
			buildConfigurationList = 4199F787164F66F9003A57F0 /* Build configuration list for PBXNativeTarget "appTests" */;
			buildPhases = (
				4199F76D164F66F9003A57F0 /* Sources */,
				4199F76E164F66F9003A57F0 /* Frameworks */,
				4199F76F164F66F9003A57F0 /* Resources */,
				4199F770164F66F9003A57F0 /* ShellScript */,
			);
			buildRules = (
			);
			dependencies = (
				4199F778164F66F9003A57F0 /* PBXTargetDependency */,
			);
			name = appTests;
			productName = appTests;
			productReference = 4199F772164F66F9003A57F0 /* appTests.octest */;
			productType = "com.apple.product-type.bundle";
		};
/* End PBXNativeTarget section */

/* Begin PBXProject section */
		4199F73F164F66F9003A57F0 /* Project object */ = {
			isa = PBXProject;
			attributes = {
				LastUpgradeCheck = 0450;
				ORGANIZATIONNAME = "Team 14";
			};
			buildConfigurationList = 4199F742164F66F9003A57F0 /* Build configuration list for PBXProject "app" */;
			compatibilityVersion = "Xcode 3.2";
			developmentRegion = English;
			hasScannedForEncodings = 0;
			knownRegions = (
				en,
			);
			mainGroup = 4199F73D164F66F9003A57F0;
			productRefGroup = 4199F749164F66F9003A57F0 /* Products */;
			projectDirPath = "";
			projectRoot = "";
			targets = (
				4199F747164F66F9003A57F0 /* app */,
				4199F771164F66F9003A57F0 /* appTests */,
			);
		};
/* End PBXProject section */

/* Begin PBXResourcesBuildPhase section */
		4199F746164F66F9003A57F0 /* Resources */ = {
			isa = PBXResourcesBuildPhase;
			buildActionMask = 2147483647;
			files = (
				4199F757164F66F9003A57F0 /* InfoPlist.strings in Resources */,
				4199F75F164F66F9003A57F0 /* Default.png in Resources */,
				4199F761164F66F9003A57F0 /* Default@2x.png in Resources */,
				4199F763164F66F9003A57F0 /* Default-568h@2x.png in Resources */,
				4199F766164F66F9003A57F0 /* MainStoryboard_iPhone.storyboard in Resources */,
				4199F769164F66F9003A57F0 /* MainStoryboard_iPad.storyboard in Resources */,
			);
			runOnlyForDeploymentPostprocessing = 0;
		};
		4199F76F164F66F9003A57F0 /* Resources */ = {
			isa = PBXResourcesBuildPhase;
			buildActionMask = 2147483647;
			files = (
				4199F77E164F66F9003A57F0 /* InfoPlist.strings in Resources */,
			);
			runOnlyForDeploymentPostprocessing = 0;
		};
/* End PBXResourcesBuildPhase section */

/* Begin PBXShellScriptBuildPhase section */
		4199F770164F66F9003A57F0 /* ShellScript */ = {
			isa = PBXShellScriptBuildPhase;
			buildActionMask = 2147483647;
			files = (
			);
			inputPaths = (
			);
			outputPaths = (
			);
			runOnlyForDeploymentPostprocessing = 0;
			shellPath = /bin/sh;
			shellScript = "# Run the unit tests in this test bundle.\n\"${SYSTEM_DEVELOPER_DIR}/Tools/RunUnitTests\"\n";
		};
/* End PBXShellScriptBuildPhase section */

/* Begin PBXSourcesBuildPhase section */
		4199F744164F66F9003A57F0 /* Sources */ = {
			isa = PBXSourcesBuildPhase;
			buildActionMask = 2147483647;
			files = (
				4199F759164F66F9003A57F0 /* main.m in Sources */,
				4199F75D164F66F9003A57F0 /* AppDelegate.m in Sources */,
				4199F76C164F66F9003A57F0 /* ContactViewController.m in Sources */,
				41B28CB31652D236003252CB /* CSVParser.m in Sources */,
				41F912C316534CC100F75184 /* HomeViewController.m in Sources */,
				41F485B616534F4400546473 /* CCHPIViewController.m in Sources */,
			);
			runOnlyForDeploymentPostprocessing = 0;
		};
		4199F76D164F66F9003A57F0 /* Sources */ = {
			isa = PBXSourcesBuildPhase;
			buildActionMask = 2147483647;
			files = (
				4199F781164F66F9003A57F0 /* appTests.m in Sources */,
			);
			runOnlyForDeploymentPostprocessing = 0;
		};
/* End PBXSourcesBuildPhase section */

/* Begin PBXTargetDependency section */
		4199F778164F66F9003A57F0 /* PBXTargetDependency */ = {
			isa = PBXTargetDependency;
			target = 4199F747164F66F9003A57F0 /* app */;
			targetProxy = 4199F777164F66F9003A57F0 /* PBXContainerItemProxy */;
		};
/* End PBXTargetDependency section */

/* Begin PBXVariantGroup section */
		4199F755164F66F9003A57F0 /* InfoPlist.strings */ = {
			isa = PBXVariantGroup;
			children = (
				4199F756164F66F9003A57F0 /* en */,
			);
			name = InfoPlist.strings;
			sourceTree = "<group>";
		};
		4199F764164F66F9003A57F0 /* MainStoryboard_iPhone.storyboard */ = {
			isa = PBXVariantGroup;
			children = (
				4199F765164F66F9003A57F0 /* en */,
			);
			name = MainStoryboard_iPhone.storyboard;
			sourceTree = "<group>";
		};
		4199F767164F66F9003A57F0 /* MainStoryboard_iPad.storyboard */ = {
			isa = PBXVariantGroup;
			children = (
				4199F768164F66F9003A57F0 /* en */,
			);
			name = MainStoryboard_iPad.storyboard;
			sourceTree = "<group>";
		};
		4199F77C164F66F9003A57F0 /* InfoPlist.strings */ = {
			isa = PBXVariantGroup;
			children = (
				4199F77D164F66F9003A57F0 /* en */,
			);
			name = InfoPlist.strings;
			sourceTree = "<group>";
		};
/* End PBXVariantGroup section */

/* Begin XCBuildConfiguration section */
		4199F782164F66F9003A57F0 /* Debug */ = {
			isa = XCBuildConfiguration;
			buildSettings = {
				ALWAYS_SEARCH_USER_PATHS = NO;
				CLANG_CXX_LANGUAGE_STANDARD = "gnu++0x";
				CLANG_CXX_LIBRARY = "libc++";
				CLANG_ENABLE_OBJC_ARC = YES;
				CLANG_WARN_EMPTY_BODY = YES;
				CLANG_WARN__DUPLICATE_METHOD_MATCH = YES;
				"CODE_SIGN_IDENTITY[sdk=iphoneos*]" = "iPhone Developer";
				COPY_PHASE_STRIP = NO;
				GCC_C_LANGUAGE_STANDARD = gnu99;
				GCC_DYNAMIC_NO_PIC = NO;
				GCC_OPTIMIZATION_LEVEL = 0;
				GCC_PREPROCESSOR_DEFINITIONS = (
					"DEBUG=1",
					"$(inherited)",
				);
				GCC_SYMBOLS_PRIVATE_EXTERN = NO;
				GCC_WARN_ABOUT_RETURN_TYPE = YES;
				GCC_WARN_UNINITIALIZED_AUTOS = YES;
				GCC_WARN_UNUSED_VARIABLE = YES;
				IPHONEOS_DEPLOYMENT_TARGET = 6.0;
				ONLY_ACTIVE_ARCH = YES;
				SDKROOT = iphoneos;
				TARGETED_DEVICE_FAMILY = "1,2";
			};
			name = Debug;
		};
		4199F783164F66F9003A57F0 /* Release */ = {
			isa = XCBuildConfiguration;
			buildSettings = {
				ALWAYS_SEARCH_USER_PATHS = NO;
				CLANG_CXX_LANGUAGE_STANDARD = "gnu++0x";
				CLANG_CXX_LIBRARY = "libc++";
				CLANG_ENABLE_OBJC_ARC = YES;
				CLANG_WARN_EMPTY_BODY = YES;
				CLANG_WARN__DUPLICATE_METHOD_MATCH = YES;
				"CODE_SIGN_IDENTITY[sdk=iphoneos*]" = "iPhone Developer";
				COPY_PHASE_STRIP = YES;
				GCC_C_LANGUAGE_STANDARD = gnu99;
				GCC_WARN_ABOUT_RETURN_TYPE = YES;
				GCC_WARN_UNINITIALIZED_AUTOS = YES;
				GCC_WARN_UNUSED_VARIABLE = YES;
				IPHONEOS_DEPLOYMENT_TARGET = 6.0;
				OTHER_CFLAGS = "-DNS_BLOCK_ASSERTIONS=1";
				SDKROOT = iphoneos;
				TARGETED_DEVICE_FAMILY = "1,2";
				VALIDATE_PRODUCT = YES;
			};
			name = Release;
		};
		4199F785164F66F9003A57F0 /* Debug */ = {
			isa = XCBuildConfiguration;
			buildSettings = {
				GCC_PRECOMPILE_PREFIX_HEADER = YES;
				GCC_PREFIX_HEADER = "app/app-Prefix.pch";
				INFOPLIST_FILE = "app/app-Info.plist";
				PRODUCT_NAME = "$(TARGET_NAME)";
				WRAPPER_EXTENSION = app;
			};
			name = Debug;
		};
		4199F786164F66F9003A57F0 /* Release */ = {
			isa = XCBuildConfiguration;
			buildSettings = {
				GCC_PRECOMPILE_PREFIX_HEADER = YES;
				GCC_PREFIX_HEADER = "app/app-Prefix.pch";
				INFOPLIST_FILE = "app/app-Info.plist";
				PRODUCT_NAME = "$(TARGET_NAME)";
				WRAPPER_EXTENSION = app;
			};
			name = Release;
		};
		4199F788164F66F9003A57F0 /* Debug */ = {
			isa = XCBuildConfiguration;
			buildSettings = {
				BUNDLE_LOADER = "$(BUILT_PRODUCTS_DIR)/app.app/app";
				FRAMEWORK_SEARCH_PATHS = (
					"\"$(SDKROOT)/Developer/Library/Frameworks\"",
					"\"$(DEVELOPER_LIBRARY_DIR)/Frameworks\"",
				);
				GCC_PRECOMPILE_PREFIX_HEADER = YES;
				GCC_PREFIX_HEADER = "app/app-Prefix.pch";
				INFOPLIST_FILE = "appTests/appTests-Info.plist";
				PRODUCT_NAME = "$(TARGET_NAME)";
				TEST_HOST = "$(BUNDLE_LOADER)";
				WRAPPER_EXTENSION = octest;
			};
			name = Debug;
		};
		4199F789164F66F9003A57F0 /* Release */ = {
			isa = XCBuildConfiguration;
			buildSettings = {
				BUNDLE_LOADER = "$(BUILT_PRODUCTS_DIR)/app.app/app";
				FRAMEWORK_SEARCH_PATHS = (
					"\"$(SDKROOT)/Developer/Library/Frameworks\"",
					"\"$(DEVELOPER_LIBRARY_DIR)/Frameworks\"",
				);
				GCC_PRECOMPILE_PREFIX_HEADER = YES;
				GCC_PREFIX_HEADER = "app/app-Prefix.pch";
				INFOPLIST_FILE = "appTests/appTests-Info.plist";
				PRODUCT_NAME = "$(TARGET_NAME)";
				TEST_HOST = "$(BUNDLE_LOADER)";
				WRAPPER_EXTENSION = octest;
			};
			name = Release;
		};
/* End XCBuildConfiguration section */

/* Begin XCConfigurationList section */
		4199F742164F66F9003A57F0 /* Build configuration list for PBXProject "app" */ = {
			isa = XCConfigurationList;
			buildConfigurations = (
				4199F782164F66F9003A57F0 /* Debug */,
				4199F783164F66F9003A57F0 /* Release */,
			);
			defaultConfigurationIsVisible = 0;
			defaultConfigurationName = Release;
		};
		4199F784164F66F9003A57F0 /* Build configuration list for PBXNativeTarget "app" */ = {
			isa = XCConfigurationList;
			buildConfigurations = (
				4199F785164F66F9003A57F0 /* Debug */,
				4199F786164F66F9003A57F0 /* Release */,
			);
			defaultConfigurationIsVisible = 0;
			defaultConfigurationName = Release;
		};
		4199F787164F66F9003A57F0 /* Build configuration list for PBXNativeTarget "appTests" */ = {
			isa = XCConfigurationList;
			buildConfigurations = (
				4199F788164F66F9003A57F0 /* Debug */,
				4199F789164F66F9003A57F0 /* Release */,
			);
			defaultConfigurationIsVisible = 0;
			defaultConfigurationName = Release;
		};
/* End XCConfigurationList section */
	};
	rootObject = 4199F73F164F66F9003A57F0 /* Project object */;
}
